// !$*UTF8*$!
{
	archiveVersion = 1;
	classes = {
	};
	objectVersion = 50;
	objects = {

/* Begin PBXBuildFile section */
		AD760D5622CA886800C86612 /* AppDelegate.swift in Sources */ = {isa = PBXBuildFile; fileRef = AD760D5522CA886800C86612 /* AppDelegate.swift */; };
		AD760D5822CA886800C86612 /* SceneDelegate.swift in Sources */ = {isa = PBXBuildFile; fileRef = AD760D5722CA886800C86612 /* SceneDelegate.swift */; };
		AD760D5A22CA886800C86612 /* ContentView.swift in Sources */ = {isa = PBXBuildFile; fileRef = AD760D5922CA886800C86612 /* ContentView.swift */; };
		AD760D5C22CA886A00C86612 /* Assets.xcassets in Resources */ = {isa = PBXBuildFile; fileRef = AD760D5B22CA886A00C86612 /* Assets.xcassets */; };
		AD760D5F22CA886A00C86612 /* Preview Assets.xcassets in Resources */ = {isa = PBXBuildFile; fileRef = AD760D5E22CA886A00C86612 /* Preview Assets.xcassets */; };
		AD760D6222CA886A00C86612 /* LaunchScreen.storyboard in Resources */ = {isa = PBXBuildFile; fileRef = AD760D6022CA886A00C86612 /* LaunchScreen.storyboard */; };
		AD760D6C22CA8CD700C86612 /* Kanna.framework in Frameworks */ = {isa = PBXBuildFile; fileRef = AD760D6B22CA8CD700C86612 /* Kanna.framework */; };
		ADBC9F1122CAAEC0008FB48E /* IssueViewModel.swift in Sources */ = {isa = PBXBuildFile; fileRef = ADBC9F1022CAAEC0008FB48E /* IssueViewModel.swift */; };
/* End PBXBuildFile section */

/* Begin PBXFileReference section */
		AD760D5222CA886800C86612 /* Weekly.app */ = {isa = PBXFileReference; explicitFileType = wrapper.application; includeInIndex = 0; path = Weekly.app; sourceTree = BUILT_PRODUCTS_DIR; };
		AD760D5522CA886800C86612 /* AppDelegate.swift */ = {isa = PBXFileReference; lastKnownFileType = sourcecode.swift; path = AppDelegate.swift; sourceTree = "<group>"; };
		AD760D5722CA886800C86612 /* SceneDelegate.swift */ = {isa = PBXFileReference; lastKnownFileType = sourcecode.swift; path = SceneDelegate.swift; sourceTree = "<group>"; };
		AD760D5922CA886800C86612 /* ContentView.swift */ = {isa = PBXFileReference; lastKnownFileType = sourcecode.swift; path = ContentView.swift; sourceTree = "<group>"; };
		AD760D5B22CA886A00C86612 /* Assets.xcassets */ = {isa = PBXFileReference; lastKnownFileType = folder.assetcatalog; path = Assets.xcassets; sourceTree = "<group>"; };
		AD760D5E22CA886A00C86612 /* Preview Assets.xcassets */ = {isa = PBXFileReference; lastKnownFileType = folder.assetcatalog; path = "Preview Assets.xcassets"; sourceTree = "<group>"; };
		AD760D6122CA886A00C86612 /* Base */ = {isa = PBXFileReference; lastKnownFileType = file.storyboard; name = Base; path = Base.lproj/LaunchScreen.storyboard; sourceTree = "<group>"; };
		AD760D6322CA886A00C86612 /* Info.plist */ = {isa = PBXFileReference; lastKnownFileType = text.plist.xml; path = Info.plist; sourceTree = "<group>"; };
		AD760D6B22CA8CD700C86612 /* Kanna.framework */ = {isa = PBXFileReference; lastKnownFileType = wrapper.framework; name = Kanna.framework; path = Carthage/Build/iOS/Kanna.framework; sourceTree = SOURCE_ROOT; };
		ADBC9F1022CAAEC0008FB48E /* IssueViewModel.swift */ = {isa = PBXFileReference; lastKnownFileType = sourcecode.swift; path = IssueViewModel.swift; sourceTree = "<group>"; };
/* End PBXFileReference section */

/* Begin PBXFrameworksBuildPhase section */
		AD760D4F22CA886800C86612 /* Frameworks */ = {
			isa = PBXFrameworksBuildPhase;
			buildActionMask = 2147483647;
			files = (
				AD760D6C22CA8CD700C86612 /* Kanna.framework in Frameworks */,
			);
			runOnlyForDeploymentPostprocessing = 0;
		};
/* End PBXFrameworksBuildPhase section */

/* Begin PBXGroup section */
		AD760D4922CA886800C86612 = {
			isa = PBXGroup;
			children = (
				AD760D5422CA886800C86612 /* Weekly */,
				AD760D6A22CA8CCD00C86612 /* Frameworks */,
				AD760D5322CA886800C86612 /* Products */,
			);
			sourceTree = "<group>";
		};
		AD760D5322CA886800C86612 /* Products */ = {
			isa = PBXGroup;
			children = (
				AD760D5222CA886800C86612 /* Weekly.app */,
			);
			name = Products;
			sourceTree = "<group>";
		};
		AD760D5422CA886800C86612 /* Weekly */ = {
			isa = PBXGroup;
			children = (
				AD760D5522CA886800C86612 /* AppDelegate.swift */,
				AD760D5722CA886800C86612 /* SceneDelegate.swift */,
				ADBC9F1022CAAEC0008FB48E /* IssueViewModel.swift */,
				AD760D5922CA886800C86612 /* ContentView.swift */,
				AD760D5B22CA886A00C86612 /* Assets.xcassets */,
				AD760D6022CA886A00C86612 /* LaunchScreen.storyboard */,
				AD760D6322CA886A00C86612 /* Info.plist */,
				AD760D5D22CA886A00C86612 /* Preview Content */,
			);
			path = Weekly;
			sourceTree = "<group>";
		};
		AD760D5D22CA886A00C86612 /* Preview Content */ = {
			isa = PBXGroup;
			children = (
				AD760D5E22CA886A00C86612 /* Preview Assets.xcassets */,
			);
			path = "Preview Content";
			sourceTree = "<group>";
		};
		AD760D6A22CA8CCD00C86612 /* Frameworks */ = {
			isa = PBXGroup;
			children = (
				AD760D6B22CA8CD700C86612 /* Kanna.framework */,
			);
			path = Frameworks;
			sourceTree = "<group>";
		};
/* End PBXGroup section */

/* Begin PBXNativeTarget section */
		AD760D5122CA886800C86612 /* Weekly */ = {
			isa = PBXNativeTarget;
			buildConfigurationList = AD760D6622CA886A00C86612 /* Build configuration list for PBXNativeTarget "Weekly" */;
			buildPhases = (
				AD760D4E22CA886800C86612 /* Sources */,
				AD760D4F22CA886800C86612 /* Frameworks */,
				AD760D5022CA886800C86612 /* Resources */,
				AD760D6922CA8C9800C86612 /* ShellScript */,
			);
			buildRules = (
			);
			dependencies = (
			);
			name = Weekly;
			productName = Weekly;
			productReference = AD760D5222CA886800C86612 /* Weekly.app */;
			productType = "com.apple.product-type.application";
		};
/* End PBXNativeTarget section */

/* Begin PBXProject section */
		AD760D4A22CA886800C86612 /* Project object */ = {
			isa = PBXProject;
			attributes = {
				LastSwiftUpdateCheck = 1100;
				LastUpgradeCheck = 1100;
				ORGANIZATIONNAME = Truman;
				TargetAttributes = {
					AD760D5122CA886800C86612 = {
						CreatedOnToolsVersion = 11.0;
					};
				};
			};
			buildConfigurationList = AD760D4D22CA886800C86612 /* Build configuration list for PBXProject "Weekly" */;
			compatibilityVersion = "Xcode 9.3";
			developmentRegion = en;
			hasScannedForEncodings = 0;
			knownRegions = (
				en,
				Base,
			);
			mainGroup = AD760D4922CA886800C86612;
			productRefGroup = AD760D5322CA886800C86612 /* Products */;
			projectDirPath = "";
			projectRoot = "";
			targets = (
				AD760D5122CA886800C86612 /* Weekly */,
			);
		};
/* End PBXProject section */

/* Begin PBXResourcesBuildPhase section */
		AD760D5022CA886800C86612 /* Resources */ = {
			isa = PBXResourcesBuildPhase;
			buildActionMask = 2147483647;
			files = (
				AD760D6222CA886A00C86612 /* LaunchScreen.storyboard in Resources */,
				AD760D5F22CA886A00C86612 /* Preview Assets.xcassets in Resources */,
				AD760D5C22CA886A00C86612 /* Assets.xcassets in Resources */,
			);
			runOnlyForDeploymentPostprocessing = 0;
		};
/* End PBXResourcesBuildPhase section */

/* Begin PBXShellScriptBuildPhase section */
		AD760D6922CA8C9800C86612 /* ShellScript */ = {
			isa = PBXShellScriptBuildPhase;
			buildActionMask = 2147483647;
			files = (
			);
			inputFileListPaths = (
			);
			inputPaths = (
				"$(SRCROOT)/Carthage/Build/iOS/Kanna.framework",
			);
			outputFileListPaths = (
			);
			outputPaths = (
				"$(BUILT_PRODUCTS_DIR)/$(FRAMEWORKS_FOLDER_PATH)/Kanna.framework",
			);
			runOnlyForDeploymentPostprocessing = 0;
			shellPath = /bin/sh;
			shellScript = "/usr/local/bin/carthage copy-frameworks\n";
		};
/* End PBXShellScriptBuildPhase section */

/* Begin PBXSourcesBuildPhase section */
		AD760D4E22CA886800C86612 /* Sources */ = {
			isa = PBXSourcesBuildPhase;
			buildActionMask = 2147483647;
			files = (
				ADBC9F1122CAAEC0008FB48E /* IssueViewModel.swift in Sources */,
				AD760D5622CA886800C86612 /* AppDelegate.swift in Sources */,
				AD760D5822CA886800C86612 /* SceneDelegate.swift in Sources */,
				AD760D5A22CA886800C86612 /* ContentView.swift in Sources */,
			);
			runOnlyForDeploymentPostprocessing = 0;
		};
/* End PBXSourcesBuildPhase section */

/* Begin PBXVariantGroup section */
		AD760D6022CA886A00C86612 /* LaunchScreen.storyboard */ = {
			isa = PBXVariantGroup;
			children = (
				AD760D6122CA886A00C86612 /* Base */,
			);
			name = LaunchScreen.storyboard;
			sourceTree = "<group>";
		};
/* End PBXVariantGroup section */

/* Begin XCBuildConfiguration section */
		AD760D6422CA886A00C86612 /* Debug */ = {
			isa = XCBuildConfiguration;
			buildSettings = {
				ALWAYS_SEARCH_USER_PATHS = NO;
				CLANG_ANALYZER_NONNULL = YES;
				CLANG_ANALYZER_NUMBER_OBJECT_CONVERSION = YES_AGGRESSIVE;
				CLANG_CXX_LANGUAGE_STANDARD = "gnu++14";
				CLANG_CXX_LIBRARY = "libc++";
				CLANG_ENABLE_MODULES = YES;
				CLANG_ENABLE_OBJC_ARC = YES;
				CLANG_ENABLE_OBJC_WEAK = YES;
				CLANG_WARN_BLOCK_CAPTURE_AUTORELEASING = YES;
				CLANG_WARN_BOOL_CONVERSION = YES;
				CLANG_WARN_COMMA = YES;
				CLANG_WARN_CONSTANT_CONVERSION = YES;
				CLANG_WARN_DEPRECATED_OBJC_IMPLEMENTATIONS = YES;
				CLANG_WARN_DIRECT_OBJC_ISA_USAGE = YES_ERROR;
				CLANG_WARN_DOCUMENTATION_COMMENTS = YES;
				CLANG_WARN_EMPTY_BODY = YES;
				CLANG_WARN_ENUM_CONVERSION = YES;
				CLANG_WARN_INFINITE_RECURSION = YES;
				CLANG_WARN_INT_CONVERSION = YES;
				CLANG_WARN_NON_LITERAL_NULL_CONVERSION = YES;
				CLANG_WARN_OBJC_IMPLICIT_RETAIN_SELF = YES;
				CLANG_WARN_OBJC_LITERAL_CONVERSION = YES;
				CLANG_WARN_OBJC_ROOT_CLASS = YES_ERROR;
				CLANG_WARN_RANGE_LOOP_ANALYSIS = YES;
				CLANG_WARN_STRICT_PROTOTYPES = YES;
				CLANG_WARN_SUSPICIOUS_MOVE = YES;
				CLANG_WARN_UNGUARDED_AVAILABILITY = YES_AGGRESSIVE;
				CLANG_WARN_UNREACHABLE_CODE = YES;
				CLANG_WARN__DUPLICATE_METHOD_MATCH = YES;
				COPY_PHASE_STRIP = NO;
				DEBUG_INFORMATION_FORMAT = dwarf;
				ENABLE_STRICT_OBJC_MSGSEND = YES;
				ENABLE_TESTABILITY = YES;
				GCC_C_LANGUAGE_STANDARD = gnu11;
				GCC_DYNAMIC_NO_PIC = NO;
				GCC_NO_COMMON_BLOCKS = YES;
				GCC_OPTIMIZATION_LEVEL = 0;
				GCC_PREPROCESSOR_DEFINITIONS = (
					"DEBUG=1",
					"$(inherited)",
				);
				GCC_WARN_64_TO_32_BIT_CONVERSION = YES;
				GCC_WARN_ABOUT_RETURN_TYPE = YES_ERROR;
				GCC_WARN_UNDECLARED_SELECTOR = YES;
				GCC_WARN_UNINITIALIZED_AUTOS = YES_AGGRESSIVE;
				GCC_WARN_UNUSED_FUNCTION = YES;
				GCC_WARN_UNUSED_VARIABLE = YES;
				IPHONEOS_DEPLOYMENT_TARGET = 13.0;
				MTL_ENABLE_DEBUG_INFO = INCLUDE_SOURCE;
				MTL_FAST_MATH = YES;
				ONLY_ACTIVE_ARCH = YES;
				SDKROOT = iphoneos;
				SWIFT_ACTIVE_COMPILATION_CONDITIONS = DEBUG;
				SWIFT_OPTIMIZATION_LEVEL = "-Onone";
			};
			name = Debug;
		};
		AD760D6522CA886A00C86612 /* Release */ = {
			isa = XCBuildConfiguration;
			buildSettings = {
				ALWAYS_SEARCH_USER_PATHS = NO;
				CLANG_ANALYZER_NONNULL = YES;
				CLANG_ANALYZER_NUMBER_OBJECT_CONVERSION = YES_AGGRESSIVE;
				CLANG_CXX_LANGUAGE_STANDARD = "gnu++14";
				CLANG_CXX_LIBRARY = "libc++";
				CLANG_ENABLE_MODULES = YES;
				CLANG_ENABLE_OBJC_ARC = YES;
				CLANG_ENABLE_OBJC_WEAK = YES;
				CLANG_WARN_BLOCK_CAPTURE_AUTORELEASING = YES;
				CLANG_WARN_BOOL_CONVERSION = YES;
				CLANG_WARN_COMMA = YES;
				CLANG_WARN_CONSTANT_CONVERSION = YES;
				CLANG_WARN_DEPRECATED_OBJC_IMPLEMENTATIONS = YES;
				CLANG_WARN_DIRECT_OBJC_ISA_USAGE = YES_ERROR;
				CLANG_WARN_DOCUMENTATION_COMMENTS = YES;
				CLANG_WARN_EMPTY_BODY = YES;
				CLANG_WARN_ENUM_CONVERSION = YES;
				CLANG_WARN_INFINITE_RECURSION = YES;
				CLANG_WARN_INT_CONVERSION = YES;
				CLANG_WARN_NON_LITERAL_NULL_CONVERSION = YES;
				CLANG_WARN_OBJC_IMPLICIT_RETAIN_SELF = YES;
				CLANG_WARN_OBJC_LITERAL_CONVERSION = YES;
				CLANG_WARN_OBJC_ROOT_CLASS = YES_ERROR;
				CLANG_WARN_RANGE_LOOP_ANALYSIS = YES;
				CLANG_WARN_STRICT_PROTOTYPES = YES;
				CLANG_WARN_SUSPICIOUS_MOVE = YES;
				CLANG_WARN_UNGUARDED_AVAILABILITY = YES_AGGRESSIVE;
				CLANG_WARN_UNREACHABLE_CODE = YES;
				CLANG_WARN__DUPLICATE_METHOD_MATCH = YES;
				COPY_PHASE_STRIP = NO;
				DEBUG_INFORMATION_FORMAT = "dwarf-with-dsym";
				ENABLE_NS_ASSERTIONS = NO;
				ENABLE_STRICT_OBJC_MSGSEND = YES;
				GCC_C_LANGUAGE_STANDARD = gnu11;
				GCC_NO_COMMON_BLOCKS = YES;
				GCC_WARN_64_TO_32_BIT_CONVERSION = YES;
				GCC_WARN_ABOUT_RETURN_TYPE = YES_ERROR;
				GCC_WARN_UNDECLARED_SELECTOR = YES;
				GCC_WARN_UNINITIALIZED_AUTOS = YES_AGGRESSIVE;
				GCC_WARN_UNUSED_FUNCTION = YES;
				GCC_WARN_UNUSED_VARIABLE = YES;
				IPHONEOS_DEPLOYMENT_TARGET = 13.0;
				MTL_ENABLE_DEBUG_INFO = NO;
				MTL_FAST_MATH = YES;
				SDKROOT = iphoneos;
				SWIFT_COMPILATION_MODE = wholemodule;
				SWIFT_OPTIMIZATION_LEVEL = "-O";
				VALIDATE_PRODUCT = YES;
			};
			name = Release;
		};
		AD760D6722CA886A00C86612 /* Debug */ = {
			isa = XCBuildConfiguration;
			buildSettings = {
				ASSETCATALOG_COMPILER_APPICON_NAME = AppIcon;
				CODE_SIGN_STYLE = Automatic;
				DEVELOPMENT_ASSET_PATHS = "Weekly/Preview\\ Content";
				DEVELOPMENT_TEAM = 7P284QZ7XV;
				ENABLE_PREVIEWS = YES;
				FRAMEWORK_SEARCH_PATHS = (
					"$(inherited)",
					"$(PROJECT_DIR)/Carthage/Build/iOS",
				);
				HEADER_SEARCH_PATHS = "$(SDKROOT)/usr/include/libxml2";
				INFOPLIST_FILE = Weekly/Info.plist;
				LD_RUNPATH_SEARCH_PATHS = (
					"$(inherited)",
					"@executable_path/Frameworks",
				);
				PRODUCT_BUNDLE_IDENTIFIER = com.Truman.Weekly;
				PRODUCT_NAME = "$(TARGET_NAME)";
				SWIFT_VERSION = 5.0;
				TARGETED_DEVICE_FAMILY = "1,2";
			};
			name = Debug;
		};
		AD760D6822CA886A00C86612 /* Release */ = {
			isa = XCBuildConfiguration;
			buildSettings = {
				ASSETCATALOG_COMPILER_APPICON_NAME = AppIcon;
				CODE_SIGN_STYLE = Automatic;
				DEVELOPMENT_ASSET_PATHS = "Weekly/Preview\\ Content";
				DEVELOPMENT_TEAM = 7P284QZ7XV;
				ENABLE_PREVIEWS = YES;
				FRAMEWORK_SEARCH_PATHS = (
					"$(inherited)",
					"$(PROJECT_DIR)/Carthage/Build/iOS",
				);
				HEADER_SEARCH_PATHS = "$(SDKROOT)/usr/include/libxml2";
				INFOPLIST_FILE = Weekly/Info.plist;
				LD_RUNPATH_SEARCH_PATHS = (
					"$(inherited)",
					"@executable_path/Frameworks",
				);
				PRODUCT_BUNDLE_IDENTIFIER = com.Truman.Weekly;
				PRODUCT_NAME = "$(TARGET_NAME)";
				SWIFT_VERSION = 5.0;
				TARGETED_DEVICE_FAMILY = "1,2";
			};
			name = Release;
		};
/* End XCBuildConfiguration section */

/* Begin XCConfigurationList section */
		AD760D4D22CA886800C86612 /* Build configuration list for PBXProject "Weekly" */ = {
			isa = XCConfigurationList;
			buildConfigurations = (
				AD760D6422CA886A00C86612 /* Debug */,
				AD760D6522CA886A00C86612 /* Release */,
			);
			defaultConfigurationIsVisible = 0;
			defaultConfigurationName = Release;
		};
		AD760D6622CA886A00C86612 /* Build configuration list for PBXNativeTarget "Weekly" */ = {
			isa = XCConfigurationList;
			buildConfigurations = (
				AD760D6722CA886A00C86612 /* Debug */,
				AD760D6822CA886A00C86612 /* Release */,
			);
			defaultConfigurationIsVisible = 0;
			defaultConfigurationName = Release;
		};
/* End XCConfigurationList section */
	};
	rootObject = AD760D4A22CA886800C86612 /* Project object */;
}
